
Microsoft Visual Studio Solution File, Format Version 12.00
# Visual Studio Version 17
VisualStudioVersion = 17.6.33829.357
MinimumVisualStudioVersion = 10.0.40219.1
Project("{9A19103F-16F7-4668-BE54-9A1E7A4F7556}") = "Calabonga.RulesValidator", "Calabonga.RulesValidator\Calabonga.RulesValidator.csproj", "{AB23E3A4-E9C5-4502-8B58-F59184C3CFAF}"
EndProject
Global
	GlobalSection(SolutionConfigurationPlatforms) = preSolution
		Debug|Any CPU = Debug|Any CPU
		Release|Any CPU = Release|Any CPU
	EndGlobalSection
	GlobalSection(ProjectConfigurationPlatforms) = postSolution
		{AB23E3A4-E9C5-4502-8B58-F59184C3CFAF}.Debug|Any CPU.ActiveCfg = Debug|Any CPU
		{AB23E3A4-E9C5-4502-8B58-F59184C3CFAF}.Debug|Any CPU.Build.0 = Debug|Any CPU
		{AB23E3A4-E9C5-4502-8B58-F59184C3CFAF}.Release|Any CPU.ActiveCfg = Release|Any CPU
		{AB23E3A4-E9C5-4502-8B58-F59184C3CFAF}.Release|Any CPU.Build.0 = Release|Any CPU
	EndGlobalSection
	GlobalSection(SolutionProperties) = preSolution
		HideSolutionNode = FALSE
	EndGlobalSection
	GlobalSection(ExtensibilityGlobals) = postSolution
		SolutionGuid = {EEEB551F-966F-480C-A3D8-2C178E773FE3}
	EndGlobalSection
EndGlobal
